
Microsoft Visual Studio Solution File, Format Version 12.00
# Visual Studio 14
VisualStudioVersion = 14.0.25123.0
MinimumVisualStudioVersion = 10.0.40219.1
Project("{FAE04EC0-301F-11D3-BF4B-00C04F79EFBC}") = "Core", "Core\Core.csproj", "{C708A33E-0B1F-4BFC-928C-5840BA4BABF8}"
EndProject
Global
	GlobalSection(SolutionConfigurationPlatforms) = preSolution
		Debug|Any CPU = Debug|Any CPU
		Release|Any CPU = Release|Any CPU
	EndGlobalSection
	GlobalSection(ProjectConfigurationPlatforms) = postSolution
		{C708A33E-0B1F-4BFC-928C-5840BA4BABF8}.Debug|Any CPU.ActiveCfg = Debug|Any CPU
		{C708A33E-0B1F-4BFC-928C-5840BA4BABF8}.Debug|Any CPU.Build.0 = Debug|Any CPU
		{C708A33E-0B1F-4BFC-928C-5840BA4BABF8}.Release|Any CPU.ActiveCfg = Release|Any CPU
		{C708A33E-0B1F-4BFC-928C-5840BA4BABF8}.Release|Any CPU.Build.0 = Release|Any CPU
	EndGlobalSection
	GlobalSection(SolutionProperties) = preSolution
		HideSolutionNode = FALSE
	EndGlobalSection
EndGlobal
